{
  "requires": true,
  "lockfileVersion": 1,
  "dependencies": {
    "media-match": {
      "version": "2.0.3",
      "resolved": "https://registry.npmjs.org/media-match/-/media-match-2.0.3.tgz",
      "integrity": "sha512-n+YR/9RMeybjrmWsEJUm4IfODhQqMK6pz7DEoyW4C674x7UVDjahplh5Co534LO8DEqQleVH3V5kr5PkbUIGGQ=="
    }
  }
}
